// !$*UTF8*$!
{
	archiveVersion = 1;
	classes = {
	};
	objectVersion = 55;
	objects = {

/* Begin PBXBuildFile section */
		79126C7927E05633000F87EB /* CategoryView.swift in Sources */ = {isa = PBXBuildFile; fileRef = 79126C7827E05633000F87EB /* CategoryView.swift */; };
		79713E7427DEFECA002A5A94 /* HomeView.swift in Sources */ = {isa = PBXBuildFile; fileRef = 79713E7327DEFECA002A5A94 /* HomeView.swift */; };
		79713E7627DF0008002A5A94 /* ShoppingListView.swift in Sources */ = {isa = PBXBuildFile; fileRef = 79713E7527DF0008002A5A94 /* ShoppingListView.swift */; };
		79713E7827DF005E002A5A94 /* FavoritesView.swift in Sources */ = {isa = PBXBuildFile; fileRef = 79713E7727DF005E002A5A94 /* FavoritesView.swift */; };
		79B64B6227AC65A2000C309F /* RecipeDetail.swift in Sources */ = {isa = PBXBuildFile; fileRef = 79B64B6127AC65A2000C309F /* RecipeDetail.swift */; };
		79B80F6E27ACE23C0025936D /* FitPrzepisy-2-Info.plist in Resources */ = {isa = PBXBuildFile; fileRef = 79B80F6D27ACE23C0025936D /* FitPrzepisy-2-Info.plist */; };
		79B80F7027ACE2770025936D /* FitPrzepisy_2App.swift in Sources */ = {isa = PBXBuildFile; fileRef = 79B80F6F27ACE2770025936D /* FitPrzepisy_2App.swift */; };
		79B9EDD627A5B38E009B9899 /* ContentView.swift in Sources */ = {isa = PBXBuildFile; fileRef = 79B9EDD527A5B38E009B9899 /* ContentView.swift */; };
		79B9EDD827A5B391009B9899 /* Assets.xcassets in Resources */ = {isa = PBXBuildFile; fileRef = 79B9EDD727A5B391009B9899 /* Assets.xcassets */; };
		79B9EDDB27A5B391009B9899 /* Preview Assets.xcassets in Resources */ = {isa = PBXBuildFile; fileRef = 79B9EDDA27A5B391009B9899 /* Preview Assets.xcassets */; };
		79B9EDE227A5B407009B9899 /* Recipe.swift in Sources */ = {isa = PBXBuildFile; fileRef = 79B9EDE127A5B407009B9899 /* Recipe.swift */; };
		79B9EDE427A5B53C009B9899 /* ModelData.swift in Sources */ = {isa = PBXBuildFile; fileRef = 79B9EDE327A5B53C009B9899 /* ModelData.swift */; };
		79B9EDEF27A5C8C5009B9899 /* PageViewController.swift in Sources */ = {isa = PBXBuildFile; fileRef = 79B9EDEE27A5C8C5009B9899 /* PageViewController.swift */; };
		79B9EDF127A5CC12009B9899 /* FeatureCard.swift in Sources */ = {isa = PBXBuildFile; fileRef = 79B9EDF027A5CC12009B9899 /* FeatureCard.swift */; };
		79B9EDF327A5CD37009B9899 /* PageView.swift in Sources */ = {isa = PBXBuildFile; fileRef = 79B9EDF227A5CD37009B9899 /* PageView.swift */; };
		79B9EDF527A5D0C9009B9899 /* PageControl.swift in Sources */ = {isa = PBXBuildFile; fileRef = 79B9EDF427A5D0C9009B9899 /* PageControl.swift */; };
		79BC87EE27AA41FC005E783F /* CategoryRow.swift in Sources */ = {isa = PBXBuildFile; fileRef = 79BC87ED27AA41FC005E783F /* CategoryRow.swift */; };
		79C0F82C27A8EE9200D729D1 /* RecipeCard.swift in Sources */ = {isa = PBXBuildFile; fileRef = 79C0F82B27A8EE9200D729D1 /* RecipeCard.swift */; };
		79F9C3A427E2F31100B0FA7E /* RecipeGridView.swift in Sources */ = {isa = PBXBuildFile; fileRef = 79F9C3A327E2F31100B0FA7E /* RecipeGridView.swift */; };
/* End PBXBuildFile section */

/* Begin PBXFileReference section */
		79126C7827E05633000F87EB /* CategoryView.swift */ = {isa = PBXFileReference; lastKnownFileType = sourcecode.swift; path = CategoryView.swift; sourceTree = "<group>"; };
		79713E7327DEFECA002A5A94 /* HomeView.swift */ = {isa = PBXFileReference; lastKnownFileType = sourcecode.swift; path = HomeView.swift; sourceTree = "<group>"; };
		79713E7527DF0008002A5A94 /* ShoppingListView.swift */ = {isa = PBXFileReference; lastKnownFileType = sourcecode.swift; path = ShoppingListView.swift; sourceTree = "<group>"; };
		79713E7727DF005E002A5A94 /* FavoritesView.swift */ = {isa = PBXFileReference; lastKnownFileType = sourcecode.swift; path = FavoritesView.swift; sourceTree = "<group>"; };
		79B64B6127AC65A2000C309F /* RecipeDetail.swift */ = {isa = PBXFileReference; lastKnownFileType = sourcecode.swift; path = RecipeDetail.swift; sourceTree = "<group>"; };
		79B80F6D27ACE23C0025936D /* FitPrzepisy-2-Info.plist */ = {isa = PBXFileReference; fileEncoding = 4; lastKnownFileType = text.plist.xml; path = "FitPrzepisy-2-Info.plist"; sourceTree = "<group>"; };
		79B80F6F27ACE2770025936D /* FitPrzepisy_2App.swift */ = {isa = PBXFileReference; fileEncoding = 4; lastKnownFileType = sourcecode.swift; path = FitPrzepisy_2App.swift; sourceTree = "<group>"; };
		79B9EDD027A5B38E009B9899 /* FitPrzepisy 2.app */ = {isa = PBXFileReference; explicitFileType = wrapper.application; includeInIndex = 0; path = "FitPrzepisy 2.app"; sourceTree = BUILT_PRODUCTS_DIR; };
		79B9EDD527A5B38E009B9899 /* ContentView.swift */ = {isa = PBXFileReference; lastKnownFileType = sourcecode.swift; path = ContentView.swift; sourceTree = "<group>"; };
		79B9EDD727A5B391009B9899 /* Assets.xcassets */ = {isa = PBXFileReference; lastKnownFileType = folder.assetcatalog; path = Assets.xcassets; sourceTree = "<group>"; };
		79B9EDDA27A5B391009B9899 /* Preview Assets.xcassets */ = {isa = PBXFileReference; lastKnownFileType = folder.assetcatalog; path = "Preview Assets.xcassets"; sourceTree = "<group>"; };
		79B9EDE127A5B407009B9899 /* Recipe.swift */ = {isa = PBXFileReference; lastKnownFileType = sourcecode.swift; path = Recipe.swift; sourceTree = "<group>"; };
		79B9EDE327A5B53C009B9899 /* ModelData.swift */ = {isa = PBXFileReference; lastKnownFileType = sourcecode.swift; path = ModelData.swift; sourceTree = "<group>"; };
		79B9EDEE27A5C8C5009B9899 /* PageViewController.swift */ = {isa = PBXFileReference; lastKnownFileType = sourcecode.swift; path = PageViewController.swift; sourceTree = "<group>"; };
		79B9EDF027A5CC12009B9899 /* FeatureCard.swift */ = {isa = PBXFileReference; lastKnownFileType = sourcecode.swift; path = FeatureCard.swift; sourceTree = "<group>"; };
		79B9EDF227A5CD37009B9899 /* PageView.swift */ = {isa = PBXFileReference; lastKnownFileType = sourcecode.swift; path = PageView.swift; sourceTree = "<group>"; };
		79B9EDF427A5D0C9009B9899 /* PageControl.swift */ = {isa = PBXFileReference; lastKnownFileType = sourcecode.swift; path = PageControl.swift; sourceTree = "<group>"; };
		79BC87ED27AA41FC005E783F /* CategoryRow.swift */ = {isa = PBXFileReference; lastKnownFileType = sourcecode.swift; path = CategoryRow.swift; sourceTree = "<group>"; };
		79C0F82B27A8EE9200D729D1 /* RecipeCard.swift */ = {isa = PBXFileReference; lastKnownFileType = sourcecode.swift; path = RecipeCard.swift; sourceTree = "<group>"; };
		79F9C3A327E2F31100B0FA7E /* RecipeGridView.swift */ = {isa = PBXFileReference; lastKnownFileType = sourcecode.swift; path = RecipeGridView.swift; sourceTree = "<group>"; };
/* End PBXFileReference section */

/* Begin PBXFrameworksBuildPhase section */
		79B9EDCD27A5B38E009B9899 /* Frameworks */ = {
			isa = PBXFrameworksBuildPhase;
			buildActionMask = 2147483647;
			files = (
			);
			runOnlyForDeploymentPostprocessing = 0;
		};
/* End PBXFrameworksBuildPhase section */

/* Begin PBXGroup section */
		79B9EDC727A5B38E009B9899 = {
			isa = PBXGroup;
			children = (
				79B9EDD227A5B38E009B9899 /* FitPrzepisy 2 */,
				79B9EDD127A5B38E009B9899 /* Products */,
			);
			sourceTree = "<group>";
		};
		79B9EDD127A5B38E009B9899 /* Products */ = {
			isa = PBXGroup;
			children = (
				79B9EDD027A5B38E009B9899 /* FitPrzepisy 2.app */,
			);
			name = Products;
			sourceTree = "<group>";
		};
		79B9EDD227A5B38E009B9899 /* FitPrzepisy 2 */ = {
			isa = PBXGroup;
			children = (
				79B80F6D27ACE23C0025936D /* FitPrzepisy-2-Info.plist */,
				79B80F6F27ACE2770025936D /* FitPrzepisy_2App.swift */,
				79B9EDD527A5B38E009B9899 /* ContentView.swift */,
				79F9C3A527E2F80800B0FA7E /* Views */,
				79713E7327DEFECA002A5A94 /* HomeView.swift */,
				79B64B6127AC65A2000C309F /* RecipeDetail.swift */,
				79126C7827E05633000F87EB /* CategoryView.swift */,
				79BC87ED27AA41FC005E783F /* CategoryRow.swift */,
				79C0F82B27A8EE9200D729D1 /* RecipeCard.swift */,
				79F9C3A327E2F31100B0FA7E /* RecipeGridView.swift */,
				79B9EDE527A5C09C009B9899 /* PageView */,
				79C0F82D27A8EEB400D729D1 /* Model */,
				79B9EDD727A5B391009B9899 /* Assets.xcassets */,
				79B9EDD927A5B391009B9899 /* Preview Content */,
			);
			path = "FitPrzepisy 2";
			sourceTree = "<group>";
		};
		79B9EDD927A5B391009B9899 /* Preview Content */ = {
			isa = PBXGroup;
			children = (
				79B9EDDA27A5B391009B9899 /* Preview Assets.xcassets */,
			);
			path = "Preview Content";
			sourceTree = "<group>";
		};
		79B9EDE527A5C09C009B9899 /* PageView */ = {
			isa = PBXGroup;
			children = (
				79B9EDEE27A5C8C5009B9899 /* PageViewController.swift */,
				79B9EDF027A5CC12009B9899 /* FeatureCard.swift */,
				79B9EDF227A5CD37009B9899 /* PageView.swift */,
				79B9EDF427A5D0C9009B9899 /* PageControl.swift */,
			);
			path = PageView;
			sourceTree = "<group>";
		};
		79C0F82D27A8EEB400D729D1 /* Model */ = {
			isa = PBXGroup;
			children = (
				79B9EDE127A5B407009B9899 /* Recipe.swift */,
				79B9EDE327A5B53C009B9899 /* ModelData.swift */,
			);
			path = Model;
			sourceTree = "<group>";
		};
		79F9C3A527E2F80800B0FA7E /* Views */ = {
			isa = PBXGroup;
			children = (
				79713E7727DF005E002A5A94 /* FavoritesView.swift */,
				79713E7527DF0008002A5A94 /* ShoppingListView.swift */,
			);
			path = Views;
			sourceTree = "<group>";
		};
/* End PBXGroup section */

/* Begin PBXNativeTarget section */
		79B9EDCF27A5B38E009B9899 /* FitPrzepisy 2 */ = {
			isa = PBXNativeTarget;
			buildConfigurationList = 79B9EDDE27A5B391009B9899 /* Build configuration list for PBXNativeTarget "FitPrzepisy 2" */;
			buildPhases = (
				79B9EDCC27A5B38E009B9899 /* Sources */,
				79B9EDCD27A5B38E009B9899 /* Frameworks */,
				79B9EDCE27A5B38E009B9899 /* Resources */,
			);
			buildRules = (
			);
			dependencies = (
			);
			name = "FitPrzepisy 2";
			productName = "FitPrzepisy 2";
			productReference = 79B9EDD027A5B38E009B9899 /* FitPrzepisy 2.app */;
			productType = "com.apple.product-type.application";
		};
/* End PBXNativeTarget section */

/* Begin PBXProject section */
		79B9EDC827A5B38E009B9899 /* Project object */ = {
			isa = PBXProject;
			attributes = {
				BuildIndependentTargetsInParallel = 1;
				LastSwiftUpdateCheck = 1320;
				LastUpgradeCheck = 1320;
				TargetAttributes = {
					79B9EDCF27A5B38E009B9899 = {
						CreatedOnToolsVersion = 13.2.1;
					};
				};
			};
			buildConfigurationList = 79B9EDCB27A5B38E009B9899 /* Build configuration list for PBXProject "FitPrzepisy 2" */;
			compatibilityVersion = "Xcode 13.0";
			developmentRegion = en;
			hasScannedForEncodings = 0;
			knownRegions = (
				en,
				Base,
			);
			mainGroup = 79B9EDC727A5B38E009B9899;
			productRefGroup = 79B9EDD127A5B38E009B9899 /* Products */;
			projectDirPath = "";
			projectRoot = "";
			targets = (
				79B9EDCF27A5B38E009B9899 /* FitPrzepisy 2 */,
			);
		};
/* End PBXProject section */

/* Begin PBXResourcesBuildPhase section */
		79B9EDCE27A5B38E009B9899 /* Resources */ = {
			isa = PBXResourcesBuildPhase;
			buildActionMask = 2147483647;
			files = (
				79B9EDDB27A5B391009B9899 /* Preview Assets.xcassets in Resources */,
				79B80F6E27ACE23C0025936D /* FitPrzepisy-2-Info.plist in Resources */,
				79B9EDD827A5B391009B9899 /* Assets.xcassets in Resources */,
			);
			runOnlyForDeploymentPostprocessing = 0;
		};
/* End PBXResourcesBuildPhase section */

/* Begin PBXSourcesBuildPhase section */
		79B9EDCC27A5B38E009B9899 /* Sources */ = {
			isa = PBXSourcesBuildPhase;
			buildActionMask = 2147483647;
			files = (
				79B9EDE227A5B407009B9899 /* Recipe.swift in Sources */,
				79713E7427DEFECA002A5A94 /* HomeView.swift in Sources */,
				79B9EDEF27A5C8C5009B9899 /* PageViewController.swift in Sources */,
				79F9C3A427E2F31100B0FA7E /* RecipeGridView.swift in Sources */,
				79BC87EE27AA41FC005E783F /* CategoryRow.swift in Sources */,
				79713E7827DF005E002A5A94 /* FavoritesView.swift in Sources */,
				79126C7927E05633000F87EB /* CategoryView.swift in Sources */,
				79B9EDF527A5D0C9009B9899 /* PageControl.swift in Sources */,
				79B9EDE427A5B53C009B9899 /* ModelData.swift in Sources */,
				79C0F82C27A8EE9200D729D1 /* RecipeCard.swift in Sources */,
				79713E7627DF0008002A5A94 /* ShoppingListView.swift in Sources */,
				79B80F7027ACE2770025936D /* FitPrzepisy_2App.swift in Sources */,
				79B64B6227AC65A2000C309F /* RecipeDetail.swift in Sources */,
				79B9EDD627A5B38E009B9899 /* ContentView.swift in Sources */,
				79B9EDF127A5CC12009B9899 /* FeatureCard.swift in Sources */,
				79B9EDF327A5CD37009B9899 /* PageView.swift in Sources */,
			);
			runOnlyForDeploymentPostprocessing = 0;
		};
/* End PBXSourcesBuildPhase section */

/* Begin XCBuildConfiguration section */
		79B9EDDC27A5B391009B9899 /* Debug */ = {
			isa = XCBuildConfiguration;
			buildSettings = {
				ALWAYS_SEARCH_USER_PATHS = NO;
				CLANG_ANALYZER_NONNULL = YES;
				CLANG_ANALYZER_NUMBER_OBJECT_CONVERSION = YES_AGGRESSIVE;
				CLANG_CXX_LANGUAGE_STANDARD = "gnu++17";
				CLANG_CXX_LIBRARY = "libc++";
				CLANG_ENABLE_MODULES = YES;
				CLANG_ENABLE_OBJC_ARC = YES;
				CLANG_ENABLE_OBJC_WEAK = YES;
				CLANG_WARN_BLOCK_CAPTURE_AUTORELEASING = YES;
				CLANG_WARN_BOOL_CONVERSION = YES;
				CLANG_WARN_COMMA = YES;
				CLANG_WARN_CONSTANT_CONVERSION = YES;
				CLANG_WARN_DEPRECATED_OBJC_IMPLEMENTATIONS = YES;
				CLANG_WARN_DIRECT_OBJC_ISA_USAGE = YES_ERROR;
				CLANG_WARN_DOCUMENTATION_COMMENTS = YES;
				CLANG_WARN_EMPTY_BODY = YES;
				CLANG_WARN_ENUM_CONVERSION = YES;
				CLANG_WARN_INFINITE_RECURSION = YES;
				CLANG_WARN_INT_CONVERSION = YES;
				CLANG_WARN_NON_LITERAL_NULL_CONVERSION = YES;
				CLANG_WARN_OBJC_IMPLICIT_RETAIN_SELF = YES;
				CLANG_WARN_OBJC_LITERAL_CONVERSION = YES;
				CLANG_WARN_OBJC_ROOT_CLASS = YES_ERROR;
				CLANG_WARN_QUOTED_INCLUDE_IN_FRAMEWORK_HEADER = YES;
				CLANG_WARN_RANGE_LOOP_ANALYSIS = YES;
				CLANG_WARN_STRICT_PROTOTYPES = YES;
				CLANG_WARN_SUSPICIOUS_MOVE = YES;
				CLANG_WARN_UNGUARDED_AVAILABILITY = YES_AGGRESSIVE;
				CLANG_WARN_UNREACHABLE_CODE = YES;
				CLANG_WARN__DUPLICATE_METHOD_MATCH = YES;
				COPY_PHASE_STRIP = NO;
				DEBUG_INFORMATION_FORMAT = dwarf;
				ENABLE_STRICT_OBJC_MSGSEND = YES;
				ENABLE_TESTABILITY = YES;
				GCC_C_LANGUAGE_STANDARD = gnu11;
				GCC_DYNAMIC_NO_PIC = NO;
				GCC_NO_COMMON_BLOCKS = YES;
				GCC_OPTIMIZATION_LEVEL = 0;
				GCC_PREPROCESSOR_DEFINITIONS = (
					"DEBUG=1",
					"$(inherited)",
				);
				GCC_WARN_64_TO_32_BIT_CONVERSION = YES;
				GCC_WARN_ABOUT_RETURN_TYPE = YES_ERROR;
				GCC_WARN_UNDECLARED_SELECTOR = YES;
				GCC_WARN_UNINITIALIZED_AUTOS = YES_AGGRESSIVE;
				GCC_WARN_UNUSED_FUNCTION = YES;
				GCC_WARN_UNUSED_VARIABLE = YES;
				IPHONEOS_DEPLOYMENT_TARGET = 15.2;
				MTL_ENABLE_DEBUG_INFO = INCLUDE_SOURCE;
				MTL_FAST_MATH = YES;
				ONLY_ACTIVE_ARCH = YES;
				SDKROOT = iphoneos;
				SWIFT_ACTIVE_COMPILATION_CONDITIONS = DEBUG;
				SWIFT_OPTIMIZATION_LEVEL = "-Onone";
			};
			name = Debug;
		};
		79B9EDDD27A5B391009B9899 /* Release */ = {
			isa = XCBuildConfiguration;
			buildSettings = {
				ALWAYS_SEARCH_USER_PATHS = NO;
				CLANG_ANALYZER_NONNULL = YES;
				CLANG_ANALYZER_NUMBER_OBJECT_CONVERSION = YES_AGGRESSIVE;
				CLANG_CXX_LANGUAGE_STANDARD = "gnu++17";
				CLANG_CXX_LIBRARY = "libc++";
				CLANG_ENABLE_MODULES = YES;
				CLANG_ENABLE_OBJC_ARC = YES;
				CLANG_ENABLE_OBJC_WEAK = YES;
				CLANG_WARN_BLOCK_CAPTURE_AUTORELEASING = YES;
				CLANG_WARN_BOOL_CONVERSION = YES;
				CLANG_WARN_COMMA = YES;
				CLANG_WARN_CONSTANT_CONVERSION = YES;
				CLANG_WARN_DEPRECATED_OBJC_IMPLEMENTATIONS = YES;
				CLANG_WARN_DIRECT_OBJC_ISA_USAGE = YES_ERROR;
				CLANG_WARN_DOCUMENTATION_COMMENTS = YES;
				CLANG_WARN_EMPTY_BODY = YES;
				CLANG_WARN_ENUM_CONVERSION = YES;
				CLANG_WARN_INFINITE_RECURSION = YES;
				CLANG_WARN_INT_CONVERSION = YES;
				CLANG_WARN_NON_LITERAL_NULL_CONVERSION = YES;
				CLANG_WARN_OBJC_IMPLICIT_RETAIN_SELF = YES;
				CLANG_WARN_OBJC_LITERAL_CONVERSION = YES;
				CLANG_WARN_OBJC_ROOT_CLASS = YES_ERROR;
				CLANG_WARN_QUOTED_INCLUDE_IN_FRAMEWORK_HEADER = YES;
				CLANG_WARN_RANGE_LOOP_ANALYSIS = YES;
				CLANG_WARN_STRICT_PROTOTYPES = YES;
				CLANG_WARN_SUSPICIOUS_MOVE = YES;
				CLANG_WARN_UNGUARDED_AVAILABILITY = YES_AGGRESSIVE;
				CLANG_WARN_UNREACHABLE_CODE = YES;
				CLANG_WARN__DUPLICATE_METHOD_MATCH = YES;
				COPY_PHASE_STRIP = NO;
				DEBUG_INFORMATION_FORMAT = "dwarf-with-dsym";
				ENABLE_NS_ASSERTIONS = NO;
				ENABLE_STRICT_OBJC_MSGSEND = YES;
				GCC_C_LANGUAGE_STANDARD = gnu11;
				GCC_NO_COMMON_BLOCKS = YES;
				GCC_WARN_64_TO_32_BIT_CONVERSION = YES;
				GCC_WARN_ABOUT_RETURN_TYPE = YES_ERROR;
				GCC_WARN_UNDECLARED_SELECTOR = YES;
				GCC_WARN_UNINITIALIZED_AUTOS = YES_AGGRESSIVE;
				GCC_WARN_UNUSED_FUNCTION = YES;
				GCC_WARN_UNUSED_VARIABLE = YES;
				IPHONEOS_DEPLOYMENT_TARGET = 15.2;
				MTL_ENABLE_DEBUG_INFO = NO;
				MTL_FAST_MATH = YES;
				SDKROOT = iphoneos;
				SWIFT_COMPILATION_MODE = wholemodule;
				SWIFT_OPTIMIZATION_LEVEL = "-O";
				VALIDATE_PRODUCT = YES;
			};
			name = Release;
		};
		79B9EDDF27A5B391009B9899 /* Debug */ = {
			isa = XCBuildConfiguration;
			buildSettings = {
				ASSETCATALOG_COMPILER_APPICON_NAME = AppIcon;
				ASSETCATALOG_COMPILER_GLOBAL_ACCENT_COLOR_NAME = AccentColor;
				CODE_SIGN_STYLE = Automatic;
				CURRENT_PROJECT_VERSION = 1;
				DEVELOPMENT_ASSET_PATHS = "\"FitPrzepisy 2/Preview Content\"";
				DEVELOPMENT_TEAM = Z7QMGLBA5F;
				ENABLE_PREVIEWS = YES;
				GENERATE_INFOPLIST_FILE = YES;
				INFOPLIST_FILE = "FitPrzepisy-2-Info.plist";
				INFOPLIST_KEY_UIApplicationSupportsIndirectInputEvents = YES;
				INFOPLIST_KEY_UILaunchScreen_Generation = YES;
				INFOPLIST_KEY_UISupportedInterfaceOrientations = UIInterfaceOrientationPortrait;
				INFOPLIST_KEY_UISupportedInterfaceOrientations_iPad = "UIInterfaceOrientationPortrait UIInterfaceOrientationPortraitUpsideDown UIInterfaceOrientationLandscapeLeft UIInterfaceOrientationLandscapeRight";
				INFOPLIST_KEY_UISupportedInterfaceOrientations_iPhone = "UIInterfaceOrientationPortrait UIInterfaceOrientationLandscapeLeft UIInterfaceOrientationLandscapeRight";
				LD_RUNPATH_SEARCH_PATHS = (
					"$(inherited)",
					"@executable_path/Frameworks",
				);
				MARKETING_VERSION = 1.0;
				PRODUCT_BUNDLE_IDENTIFIER = "com.zari.FitPrzepisy-2";
				PRODUCT_NAME = "$(TARGET_NAME)";
				SWIFT_EMIT_LOC_STRINGS = YES;
				SWIFT_VERSION = 5.0;
				TARGETED_DEVICE_FAMILY = 1;
			};
			name = Debug;
		};
		79B9EDE027A5B391009B9899 /* Release */ = {
			isa = XCBuildConfiguration;
			buildSettings = {
				ASSETCATALOG_COMPILER_APPICON_NAME = AppIcon;
				ASSETCATALOG_COMPILER_GLOBAL_ACCENT_COLOR_NAME = AccentColor;
				CODE_SIGN_STYLE = Automatic;
				CURRENT_PROJECT_VERSION = 1;
				DEVELOPMENT_ASSET_PATHS = "\"FitPrzepisy 2/Preview Content\"";
				DEVELOPMENT_TEAM = Z7QMGLBA5F;
				ENABLE_PREVIEWS = YES;
				GENERATE_INFOPLIST_FILE = YES;
				INFOPLIST_FILE = "FitPrzepisy-2-Info.plist";
				INFOPLIST_KEY_UIApplicationSupportsIndirectInputEvents = YES;
				INFOPLIST_KEY_UILaunchScreen_Generation = YES;
				INFOPLIST_KEY_UISupportedInterfaceOrientations = UIInterfaceOrientationPortrait;
				INFOPLIST_KEY_UISupportedInterfaceOrientations_iPad = "UIInterfaceOrientationPortrait UIInterfaceOrientationPortraitUpsideDown UIInterfaceOrientationLandscapeLeft UIInterfaceOrientationLandscapeRight";
				INFOPLIST_KEY_UISupportedInterfaceOrientations_iPhone = "UIInterfaceOrientationPortrait UIInterfaceOrientationLandscapeLeft UIInterfaceOrientationLandscapeRight";
				LD_RUNPATH_SEARCH_PATHS = (
					"$(inherited)",
					"@executable_path/Frameworks",
				);
				MARKETING_VERSION = 1.0;
				PRODUCT_BUNDLE_IDENTIFIER = "com.zari.FitPrzepisy-2";
				PRODUCT_NAME = "$(TARGET_NAME)";
				SWIFT_EMIT_LOC_STRINGS = YES;
				SWIFT_VERSION = 5.0;
				TARGETED_DEVICE_FAMILY = 1;
			};
			name = Release;
		};
/* End XCBuildConfiguration section */

/* Begin XCConfigurationList section */
		79B9EDCB27A5B38E009B9899 /* Build configuration list for PBXProject "FitPrzepisy 2" */ = {
			isa = XCConfigurationList;
			buildConfigurations = (
				79B9EDDC27A5B391009B9899 /* Debug */,
				79B9EDDD27A5B391009B9899 /* Release */,
			);
			defaultConfigurationIsVisible = 0;
			defaultConfigurationName = Release;
		};
		79B9EDDE27A5B391009B9899 /* Build configuration list for PBXNativeTarget "FitPrzepisy 2" */ = {
			isa = XCConfigurationList;
			buildConfigurations = (
				79B9EDDF27A5B391009B9899 /* Debug */,
				79B9EDE027A5B391009B9899 /* Release */,
			);
			defaultConfigurationIsVisible = 0;
			defaultConfigurationName = Release;
		};
/* End XCConfigurationList section */
	};
	rootObject = 79B9EDC827A5B38E009B9899 /* Project object */;
}
